# This file is automatically @generated by Cargo.
# It is not intended for manual editing.
version = 3

[[package]]
name = "solcon_testcase"
version = "0.1.0"
dependencies = [
 "testcase_anothercrate",
]

[[package]]
name = "testcase_anothercrate"
version = "0.1.0"
dependencies = [
 "this_is_our_test_target_mod",
]

[[package]]
name = "this_is_our_test_target_mod"
version = "0.1.0"
