# This file is automatically @generated by Cargo.
# It is not intended for manual editing.
version = 3

[[package]]
name = "solcon_anothercrate"
version = "0.1.0"

[[package]]
name = "solcon_testcase"
version = "0.1.0"
dependencies = [
 "solcon_anothercrate",
 "this_is_our_monitor_function",
]

[[package]]
name = "this_is_our_monitor_function"
version = "0.1.0"
